{
  "originHash" : "24f2e18fb8c5b8acaa94d150ca8af39b8b9fb682f4f8c461efc2444bdab83ce4",
  "pins" : [
    {
      "identity" : "swift-argument-parser",
      "kind" : "remoteSourceControl",
      "location" : "https://github.com/apple/swift-argument-parser.git",
      "state" : {
        "revision" : "626b5b7b2f45e1b0b1c6f4a309296d1d21d7311b",
        "version" : "1.7.1"
      }
    },
    {
      "identity" : "swift-gsb-macro",
      "kind" : "remoteSourceControl",
      "location" : "https://github.com/kntkymt/swift-gsb-macro",
      "state" : {
        "revision" : "628259a10c2a5544d7121986cf66501baddbe5bb",
        "version" : "0.2.0"
      }
    },
    {
      "identity" : "swift-syntax",
      "kind" : "remoteSourceControl",
      "location" : "https://github.com/swiftlang/swift-syntax.git",
      "state" : {
        "revision" : "9de99a78f099e59caf2b2beec65a4c45d54b2081",
        "version" : "603.0.1"
      }
    }
  ],
  "version" : 3
}
